
Microsoft Visual Studio Solution File, Format Version 12.00
# Visual Studio Version 16
VisualStudioVersion = 16.0.31424.327
MinimumVisualStudioVersion = 10.0.40219.1
Project("{9A19103F-16F7-4668-BE54-9A1E7A4F7556}") = "BirthdayNote", "BirthdayNote.csproj", "{963A8235-D3E4-44CE-81C4-DEF058E9F67F}"
EndProject
Project("{9A19103F-16F7-4668-BE54-9A1E7A4F7556}") = "DomainLayer", "..\DomainLayer\DomainLayer.csproj", "{3ECF73A6-2B3B-47C9-B33A-B32096550035}"
EndProject
Project("{9A19103F-16F7-4668-BE54-9A1E7A4F7556}") = "Services", "..\Services\Services.csproj", "{F2C697B1-5F4A-4CB7-8D16-C5E694F1E5B0}"
EndProject
Global
	GlobalSection(SolutionConfigurationPlatforms) = preSolution
		Debug|Any CPU = Debug|Any CPU
		Release|Any CPU = Release|Any CPU
	EndGlobalSection
	GlobalSection(ProjectConfigurationPlatforms) = postSolution
		{963A8235-D3E4-44CE-81C4-DEF058E9F67F}.Debug|Any CPU.ActiveCfg = Debug|Any CPU
		{963A8235-D3E4-44CE-81C4-DEF058E9F67F}.Debug|Any CPU.Build.0 = Debug|Any CPU
		{963A8235-D3E4-44CE-81C4-DEF058E9F67F}.Release|Any CPU.ActiveCfg = Release|Any CPU
		{963A8235-D3E4-44CE-81C4-DEF058E9F67F}.Release|Any CPU.Build.0 = Release|Any CPU
		{3ECF73A6-2B3B-47C9-B33A-B32096550035}.Debug|Any CPU.ActiveCfg = Debug|Any CPU
		{3ECF73A6-2B3B-47C9-B33A-B32096550035}.Debug|Any CPU.Build.0 = Debug|Any CPU
		{3ECF73A6-2B3B-47C9-B33A-B32096550035}.Release|Any CPU.ActiveCfg = Release|Any CPU
		{3ECF73A6-2B3B-47C9-B33A-B32096550035}.Release|Any CPU.Build.0 = Release|Any CPU
		{F2C697B1-5F4A-4CB7-8D16-C5E694F1E5B0}.Debug|Any CPU.ActiveCfg = Debug|Any CPU
		{F2C697B1-5F4A-4CB7-8D16-C5E694F1E5B0}.Debug|Any CPU.Build.0 = Debug|Any CPU
		{F2C697B1-5F4A-4CB7-8D16-C5E694F1E5B0}.Release|Any CPU.ActiveCfg = Release|Any CPU
		{F2C697B1-5F4A-4CB7-8D16-C5E694F1E5B0}.Release|Any CPU.Build.0 = Release|Any CPU
	EndGlobalSection
	GlobalSection(SolutionProperties) = preSolution
		HideSolutionNode = FALSE
	EndGlobalSection
	GlobalSection(ExtensibilityGlobals) = postSolution
		SolutionGuid = {ABCAC976-D0A1-45FB-B2BF-A228B24444C5}
	EndGlobalSection
EndGlobal
